
Microsoft Visual Studio Solution File, Format Version 12.00
# Visual Studio Version 16
VisualStudioVersion = 16.0.31624.102
MinimumVisualStudioVersion = 10.0.40219.1
Project("{FAE04EC0-301F-11D3-BF4B-00C04F79EFBC}") = "Task2dot4", "Task2dot4\Task2dot4.csproj", "{6AD9E98F-B74F-4411-AE62-B2EB7D21C102}"
EndProject
Global
	GlobalSection(SolutionConfigurationPlatforms) = preSolution
		Debug|Any CPU = Debug|Any CPU
		Release|Any CPU = Release|Any CPU
	EndGlobalSection
	GlobalSection(ProjectConfigurationPlatforms) = postSolution
		{6AD9E98F-B74F-4411-AE62-B2EB7D21C102}.Debug|Any CPU.ActiveCfg = Debug|Any CPU
		{6AD9E98F-B74F-4411-AE62-B2EB7D21C102}.Debug|Any CPU.Build.0 = Debug|Any CPU
		{6AD9E98F-B74F-4411-AE62-B2EB7D21C102}.Release|Any CPU.ActiveCfg = Release|Any CPU
		{6AD9E98F-B74F-4411-AE62-B2EB7D21C102}.Release|Any CPU.Build.0 = Release|Any CPU
	EndGlobalSection
	GlobalSection(SolutionProperties) = preSolution
		HideSolutionNode = FALSE
	EndGlobalSection
	GlobalSection(ExtensibilityGlobals) = postSolution
		SolutionGuid = {7190D3A3-1B14-4601-96AD-D33201A7D0AF}
	EndGlobalSection
EndGlobal
